
Microsoft Visual Studio Solution File, Format Version 12.00
# Visual Studio Version 17
VisualStudioVersion = 17.9.34607.119
MinimumVisualStudioVersion = 10.0.40219.1
Project("{FAE04EC0-301F-11D3-BF4B-00C04F79EFBC}") = "Praca-inzynierska.Server", "Praca-inzynierska.Server\Praca-inzynierska.Server.csproj", "{F8183EED-2A78-42A9-84CE-29BE0F0AFE6A}"
EndProject
Project("{54A90642-561A-4BB1-A94E-469ADEE60C69}") = "praca-inzynierska.client", "praca-inzynierska.client\praca-inzynierska.client.esproj", "{2EAA8102-4480-4A2E-8276-C04820C156B5}"
EndProject
Global
	GlobalSection(SolutionConfigurationPlatforms) = preSolution
		Debug|Any CPU = Debug|Any CPU
		Release|Any CPU = Release|Any CPU
	EndGlobalSection
	GlobalSection(ProjectConfigurationPlatforms) = postSolution
		{F8183EED-2A78-42A9-84CE-29BE0F0AFE6A}.Debug|Any CPU.ActiveCfg = Debug|Any CPU
		{F8183EED-2A78-42A9-84CE-29BE0F0AFE6A}.Debug|Any CPU.Build.0 = Debug|Any CPU
		{F8183EED-2A78-42A9-84CE-29BE0F0AFE6A}.Release|Any CPU.ActiveCfg = Release|Any CPU
		{F8183EED-2A78-42A9-84CE-29BE0F0AFE6A}.Release|Any CPU.Build.0 = Release|Any CPU
		{2EAA8102-4480-4A2E-8276-C04820C156B5}.Debug|Any CPU.ActiveCfg = Debug|Any CPU
		{2EAA8102-4480-4A2E-8276-C04820C156B5}.Debug|Any CPU.Build.0 = Debug|Any CPU
		{2EAA8102-4480-4A2E-8276-C04820C156B5}.Debug|Any CPU.Deploy.0 = Debug|Any CPU
		{2EAA8102-4480-4A2E-8276-C04820C156B5}.Release|Any CPU.ActiveCfg = Release|Any CPU
		{2EAA8102-4480-4A2E-8276-C04820C156B5}.Release|Any CPU.Build.0 = Release|Any CPU
		{2EAA8102-4480-4A2E-8276-C04820C156B5}.Release|Any CPU.Deploy.0 = Release|Any CPU
	EndGlobalSection
	GlobalSection(SolutionProperties) = preSolution
		HideSolutionNode = FALSE
	EndGlobalSection
	GlobalSection(ExtensibilityGlobals) = postSolution
		SolutionGuid = {3A35B1ED-7D80-4FC8-9374-DBBD775A50E1}
	EndGlobalSection
EndGlobal
